
Microsoft Visual Studio Solution File, Format Version 11.00
# Visual Studio 2010
Project("{8BC9CEB8-8B4A-11D0-8D11-00A0C91BC942}") = "adj", "adj.vcxproj", "{85973A63-C1BB-4919-9F54-D4CA34CF2977}"
EndProject
Global
	GlobalSection(SolutionConfigurationPlatforms) = preSolution
		Debug|Win32 = Debug|Win32
		Release|Win32 = Release|Win32
	EndGlobalSection
	GlobalSection(ProjectConfigurationPlatforms) = postSolution
		{85973A63-C1BB-4919-9F54-D4CA34CF2977}.Debug|Win32.ActiveCfg = Debug|Win32
		{85973A63-C1BB-4919-9F54-D4CA34CF2977}.Debug|Win32.Build.0 = Debug|Win32
		{85973A63-C1BB-4919-9F54-D4CA34CF2977}.Release|Win32.ActiveCfg = Release|Win32
		{85973A63-C1BB-4919-9F54-D4CA34CF2977}.Release|Win32.Build.0 = Release|Win32
	EndGlobalSection
	GlobalSection(SolutionProperties) = preSolution
		HideSolutionNode = FALSE
	EndGlobalSection
EndGlobal
